
Microsoft Visual Studio Solution File, Format Version 12.00
# Visual Studio Version 17
VisualStudioVersion = 17.11.35312.102
MinimumVisualStudioVersion = 10.0.40219.1
Project("{FAE04EC0-301F-11D3-BF4B-00C04F79EFBC}") = "APIAdvancedSprint", "APIAdvancedSprint\APIAdvancedSprint.csproj", "{1D2A06F0-8E59-49EA-8395-CF909BE5C7DD}"
EndProject
Global
	GlobalSection(SolutionConfigurationPlatforms) = preSolution
		Debug|Any CPU = Debug|Any CPU
		Release|Any CPU = Release|Any CPU
	EndGlobalSection
	GlobalSection(ProjectConfigurationPlatforms) = postSolution
		{1D2A06F0-8E59-49EA-8395-CF909BE5C7DD}.Debug|Any CPU.ActiveCfg = Debug|Any CPU
		{1D2A06F0-8E59-49EA-8395-CF909BE5C7DD}.Debug|Any CPU.Build.0 = Debug|Any CPU
		{1D2A06F0-8E59-49EA-8395-CF909BE5C7DD}.Release|Any CPU.ActiveCfg = Release|Any CPU
		{1D2A06F0-8E59-49EA-8395-CF909BE5C7DD}.Release|Any CPU.Build.0 = Release|Any CPU
	EndGlobalSection
	GlobalSection(SolutionProperties) = preSolution
		HideSolutionNode = FALSE
	EndGlobalSection
	GlobalSection(ExtensibilityGlobals) = postSolution
		SolutionGuid = {4C9A5236-2CED-4B27-9638-3C9B86FC7DA3}
	EndGlobalSection
EndGlobal
